// !$*UTF8*$!
{
	archiveVersion = 1;
	classes = {
	};
	objectVersion = 50;
	objects = {

/* Begin PBXBuildFile section */
		EBB4A987225C271B00C2BCE8 /* AppDelegate.swift in Sources */ = {isa = PBXBuildFile; fileRef = EBB4A986225C271B00C2BCE8 /* AppDelegate.swift */; };
		EBB4A989225C271B00C2BCE8 /* ViewController.swift in Sources */ = {isa = PBXBuildFile; fileRef = EBB4A988225C271B00C2BCE8 /* ViewController.swift */; };
		EBB4A98C225C271B00C2BCE8 /* Main.storyboard in Resources */ = {isa = PBXBuildFile; fileRef = EBB4A98A225C271B00C2BCE8 /* Main.storyboard */; };
		EBB4A98E225C271C00C2BCE8 /* Assets.xcassets in Resources */ = {isa = PBXBuildFile; fileRef = EBB4A98D225C271C00C2BCE8 /* Assets.xcassets */; };
		EBB4A991225C271C00C2BCE8 /* LaunchScreen.storyboard in Resources */ = {isa = PBXBuildFile; fileRef = EBB4A98F225C271C00C2BCE8 /* LaunchScreen.storyboard */; };
		EBB4A99C225C271C00C2BCE8 /* viagensTests.swift in Sources */ = {isa = PBXBuildFile; fileRef = EBB4A99B225C271C00C2BCE8 /* viagensTests.swift */; };
		EBB4A9A7225C271C00C2BCE8 /* viagensUITests.swift in Sources */ = {isa = PBXBuildFile; fileRef = EBB4A9A6225C271C00C2BCE8 /* viagensUITests.swift */; };
/* End PBXBuildFile section */

/* Begin PBXContainerItemProxy section */
		EBB4A998225C271C00C2BCE8 /* PBXContainerItemProxy */ = {
			isa = PBXContainerItemProxy;
			containerPortal = EBB4A97B225C271B00C2BCE8 /* Project object */;
			proxyType = 1;
			remoteGlobalIDString = EBB4A982225C271B00C2BCE8;
			remoteInfo = viagens;
		};
		EBB4A9A3225C271C00C2BCE8 /* PBXContainerItemProxy */ = {
			isa = PBXContainerItemProxy;
			containerPortal = EBB4A97B225C271B00C2BCE8 /* Project object */;
			proxyType = 1;
			remoteGlobalIDString = EBB4A982225C271B00C2BCE8;
			remoteInfo = viagens;
		};
/* End PBXContainerItemProxy section */

/* Begin PBXFileReference section */
		EBB4A983225C271B00C2BCE8 /* viagens.app */ = {isa = PBXFileReference; explicitFileType = wrapper.application; includeInIndex = 0; path = viagens.app; sourceTree = BUILT_PRODUCTS_DIR; };
		EBB4A986225C271B00C2BCE8 /* AppDelegate.swift */ = {isa = PBXFileReference; lastKnownFileType = sourcecode.swift; path = AppDelegate.swift; sourceTree = "<group>"; };
		EBB4A988225C271B00C2BCE8 /* ViewController.swift */ = {isa = PBXFileReference; lastKnownFileType = sourcecode.swift; path = ViewController.swift; sourceTree = "<group>"; };
		EBB4A98B225C271B00C2BCE8 /* Base */ = {isa = PBXFileReference; lastKnownFileType = file.storyboard; name = Base; path = Base.lproj/Main.storyboard; sourceTree = "<group>"; };
		EBB4A98D225C271C00C2BCE8 /* Assets.xcassets */ = {isa = PBXFileReference; lastKnownFileType = folder.assetcatalog; path = Assets.xcassets; sourceTree = "<group>"; };
		EBB4A990225C271C00C2BCE8 /* Base */ = {isa = PBXFileReference; lastKnownFileType = file.storyboard; name = Base; path = Base.lproj/LaunchScreen.storyboard; sourceTree = "<group>"; };
		EBB4A992225C271C00C2BCE8 /* Info.plist */ = {isa = PBXFileReference; lastKnownFileType = text.plist.xml; path = Info.plist; sourceTree = "<group>"; };
		EBB4A997225C271C00C2BCE8 /* viagensTests.xctest */ = {isa = PBXFileReference; explicitFileType = wrapper.cfbundle; includeInIndex = 0; path = viagensTests.xctest; sourceTree = BUILT_PRODUCTS_DIR; };
		EBB4A99B225C271C00C2BCE8 /* viagensTests.swift */ = {isa = PBXFileReference; lastKnownFileType = sourcecode.swift; path = viagensTests.swift; sourceTree = "<group>"; };
		EBB4A99D225C271C00C2BCE8 /* Info.plist */ = {isa = PBXFileReference; lastKnownFileType = text.plist.xml; path = Info.plist; sourceTree = "<group>"; };
		EBB4A9A2225C271C00C2BCE8 /* viagensUITests.xctest */ = {isa = PBXFileReference; explicitFileType = wrapper.cfbundle; includeInIndex = 0; path = viagensUITests.xctest; sourceTree = BUILT_PRODUCTS_DIR; };
		EBB4A9A6225C271C00C2BCE8 /* viagensUITests.swift */ = {isa = PBXFileReference; lastKnownFileType = sourcecode.swift; path = viagensUITests.swift; sourceTree = "<group>"; };
		EBB4A9A8225C271C00C2BCE8 /* Info.plist */ = {isa = PBXFileReference; lastKnownFileType = text.plist.xml; path = Info.plist; sourceTree = "<group>"; };
/* End PBXFileReference section */

/* Begin PBXFrameworksBuildPhase section */
		EBB4A980225C271B00C2BCE8 /* Frameworks */ = {
			isa = PBXFrameworksBuildPhase;
			buildActionMask = 2147483647;
			files = (
			);
			runOnlyForDeploymentPostprocessing = 0;
		};
		EBB4A994225C271C00C2BCE8 /* Frameworks */ = {
			isa = PBXFrameworksBuildPhase;
			buildActionMask = 2147483647;
			files = (
			);
			runOnlyForDeploymentPostprocessing = 0;
		};
		EBB4A99F225C271C00C2BCE8 /* Frameworks */ = {
			isa = PBXFrameworksBuildPhase;
			buildActionMask = 2147483647;
			files = (
			);
			runOnlyForDeploymentPostprocessing = 0;
		};
/* End PBXFrameworksBuildPhase section */

/* Begin PBXGroup section */
		EBB4A97A225C271B00C2BCE8 = {
			isa = PBXGroup;
			children = (
				EBB4A985225C271B00C2BCE8 /* viagens */,
				EBB4A99A225C271C00C2BCE8 /* viagensTests */,
				EBB4A9A5225C271C00C2BCE8 /* viagensUITests */,
				EBB4A984225C271B00C2BCE8 /* Products */,
			);
			sourceTree = "<group>";
		};
		EBB4A984225C271B00C2BCE8 /* Products */ = {
			isa = PBXGroup;
			children = (
				EBB4A983225C271B00C2BCE8 /* viagens.app */,
				EBB4A997225C271C00C2BCE8 /* viagensTests.xctest */,
				EBB4A9A2225C271C00C2BCE8 /* viagensUITests.xctest */,
			);
			name = Products;
			sourceTree = "<group>";
		};
		EBB4A985225C271B00C2BCE8 /* viagens */ = {
			isa = PBXGroup;
			children = (
				EBB4A986225C271B00C2BCE8 /* AppDelegate.swift */,
				EBB4A988225C271B00C2BCE8 /* ViewController.swift */,
				EBB4A98A225C271B00C2BCE8 /* Main.storyboard */,
				EBB4A98D225C271C00C2BCE8 /* Assets.xcassets */,
				EBB4A98F225C271C00C2BCE8 /* LaunchScreen.storyboard */,
				EBB4A992225C271C00C2BCE8 /* Info.plist */,
			);
			path = viagens;
			sourceTree = "<group>";
		};
		EBB4A99A225C271C00C2BCE8 /* viagensTests */ = {
			isa = PBXGroup;
			children = (
				EBB4A99B225C271C00C2BCE8 /* viagensTests.swift */,
				EBB4A99D225C271C00C2BCE8 /* Info.plist */,
			);
			path = viagensTests;
			sourceTree = "<group>";
		};
		EBB4A9A5225C271C00C2BCE8 /* viagensUITests */ = {
			isa = PBXGroup;
			children = (
				EBB4A9A6225C271C00C2BCE8 /* viagensUITests.swift */,
				EBB4A9A8225C271C00C2BCE8 /* Info.plist */,
			);
			path = viagensUITests;
			sourceTree = "<group>";
		};
/* End PBXGroup section */

/* Begin PBXNativeTarget section */
		EBB4A982225C271B00C2BCE8 /* viagens */ = {
			isa = PBXNativeTarget;
			buildConfigurationList = EBB4A9AB225C271C00C2BCE8 /* Build configuration list for PBXNativeTarget "viagens" */;
			buildPhases = (
				EBB4A97F225C271B00C2BCE8 /* Sources */,
				EBB4A980225C271B00C2BCE8 /* Frameworks */,
				EBB4A981225C271B00C2BCE8 /* Resources */,
			);
			buildRules = (
			);
			dependencies = (
			);
			name = viagens;
			productName = viagens;
			productReference = EBB4A983225C271B00C2BCE8 /* viagens.app */;
			productType = "com.apple.product-type.application";
		};
		EBB4A996225C271C00C2BCE8 /* viagensTests */ = {
			isa = PBXNativeTarget;
			buildConfigurationList = EBB4A9AE225C271C00C2BCE8 /* Build configuration list for PBXNativeTarget "viagensTests" */;
			buildPhases = (
				EBB4A993225C271C00C2BCE8 /* Sources */,
				EBB4A994225C271C00C2BCE8 /* Frameworks */,
				EBB4A995225C271C00C2BCE8 /* Resources */,
			);
			buildRules = (
			);
			dependencies = (
				EBB4A999225C271C00C2BCE8 /* PBXTargetDependency */,
			);
			name = viagensTests;
			productName = viagensTests;
			productReference = EBB4A997225C271C00C2BCE8 /* viagensTests.xctest */;
			productType = "com.apple.product-type.bundle.unit-test";
		};
		EBB4A9A1225C271C00C2BCE8 /* viagensUITests */ = {
			isa = PBXNativeTarget;
			buildConfigurationList = EBB4A9B1225C271C00C2BCE8 /* Build configuration list for PBXNativeTarget "viagensUITests" */;
			buildPhases = (
				EBB4A99E225C271C00C2BCE8 /* Sources */,
				EBB4A99F225C271C00C2BCE8 /* Frameworks */,
				EBB4A9A0225C271C00C2BCE8 /* Resources */,
			);
			buildRules = (
			);
			dependencies = (
				EBB4A9A4225C271C00C2BCE8 /* PBXTargetDependency */,
			);
			name = viagensUITests;
			productName = viagensUITests;
			productReference = EBB4A9A2225C271C00C2BCE8 /* viagensUITests.xctest */;
			productType = "com.apple.product-type.bundle.ui-testing";
		};
/* End PBXNativeTarget section */

/* Begin PBXProject section */
		EBB4A97B225C271B00C2BCE8 /* Project object */ = {
			isa = PBXProject;
			attributes = {
				LastSwiftUpdateCheck = 1020;
				LastUpgradeCheck = 1020;
				ORGANIZATIONNAME = "Willans Júnior";
				TargetAttributes = {
					EBB4A982225C271B00C2BCE8 = {
						CreatedOnToolsVersion = 10.2;
					};
					EBB4A996225C271C00C2BCE8 = {
						CreatedOnToolsVersion = 10.2;
						TestTargetID = EBB4A982225C271B00C2BCE8;
					};
					EBB4A9A1225C271C00C2BCE8 = {
						CreatedOnToolsVersion = 10.2;
						TestTargetID = EBB4A982225C271B00C2BCE8;
					};
				};
			};
			buildConfigurationList = EBB4A97E225C271B00C2BCE8 /* Build configuration list for PBXProject "viagens" */;
			compatibilityVersion = "Xcode 9.3";
			developmentRegion = en;
			hasScannedForEncodings = 0;
			knownRegions = (
				en,
				Base,
			);
			mainGroup = EBB4A97A225C271B00C2BCE8;
			productRefGroup = EBB4A984225C271B00C2BCE8 /* Products */;
			projectDirPath = "";
			projectRoot = "";
			targets = (
				EBB4A982225C271B00C2BCE8 /* viagens */,
				EBB4A996225C271C00C2BCE8 /* viagensTests */,
				EBB4A9A1225C271C00C2BCE8 /* viagensUITests */,
			);
		};
/* End PBXProject section */

/* Begin PBXResourcesBuildPhase section */
		EBB4A981225C271B00C2BCE8 /* Resources */ = {
			isa = PBXResourcesBuildPhase;
			buildActionMask = 2147483647;
			files = (
				EBB4A991225C271C00C2BCE8 /* LaunchScreen.storyboard in Resources */,
				EBB4A98E225C271C00C2BCE8 /* Assets.xcassets in Resources */,
				EBB4A98C225C271B00C2BCE8 /* Main.storyboard in Resources */,
			);
			runOnlyForDeploymentPostprocessing = 0;
		};
		EBB4A995225C271C00C2BCE8 /* Resources */ = {
			isa = PBXResourcesBuildPhase;
			buildActionMask = 2147483647;
			files = (
			);
			runOnlyForDeploymentPostprocessing = 0;
		};
		EBB4A9A0225C271C00C2BCE8 /* Resources */ = {
			isa = PBXResourcesBuildPhase;
			buildActionMask = 2147483647;
			files = (
			);
			runOnlyForDeploymentPostprocessing = 0;
		};
/* End PBXResourcesBuildPhase section */

/* Begin PBXSourcesBuildPhase section */
		EBB4A97F225C271B00C2BCE8 /* Sources */ = {
			isa = PBXSourcesBuildPhase;
			buildActionMask = 2147483647;
			files = (
				EBB4A989225C271B00C2BCE8 /* ViewController.swift in Sources */,
				EBB4A987225C271B00C2BCE8 /* AppDelegate.swift in Sources */,
			);
			runOnlyForDeploymentPostprocessing = 0;
		};
		EBB4A993225C271C00C2BCE8 /* Sources */ = {
			isa = PBXSourcesBuildPhase;
			buildActionMask = 2147483647;
			files = (
				EBB4A99C225C271C00C2BCE8 /* viagensTests.swift in Sources */,
			);
			runOnlyForDeploymentPostprocessing = 0;
		};
		EBB4A99E225C271C00C2BCE8 /* Sources */ = {
			isa = PBXSourcesBuildPhase;
			buildActionMask = 2147483647;
			files = (
				EBB4A9A7225C271C00C2BCE8 /* viagensUITests.swift in Sources */,
			);
			runOnlyForDeploymentPostprocessing = 0;
		};
/* End PBXSourcesBuildPhase section */

/* Begin PBXTargetDependency section */
		EBB4A999225C271C00C2BCE8 /* PBXTargetDependency */ = {
			isa = PBXTargetDependency;
			target = EBB4A982225C271B00C2BCE8 /* viagens */;
			targetProxy = EBB4A998225C271C00C2BCE8 /* PBXContainerItemProxy */;
		};
		EBB4A9A4225C271C00C2BCE8 /* PBXTargetDependency */ = {
			isa = PBXTargetDependency;
			target = EBB4A982225C271B00C2BCE8 /* viagens */;
			targetProxy = EBB4A9A3225C271C00C2BCE8 /* PBXContainerItemProxy */;
		};
/* End PBXTargetDependency section */

/* Begin PBXVariantGroup section */
		EBB4A98A225C271B00C2BCE8 /* Main.storyboard */ = {
			isa = PBXVariantGroup;
			children = (
				EBB4A98B225C271B00C2BCE8 /* Base */,
			);
			name = Main.storyboard;
			sourceTree = "<group>";
		};
		EBB4A98F225C271C00C2BCE8 /* LaunchScreen.storyboard */ = {
			isa = PBXVariantGroup;
			children = (
				EBB4A990225C271C00C2BCE8 /* Base */,
			);
			name = LaunchScreen.storyboard;
			sourceTree = "<group>";
		};
/* End PBXVariantGroup section */

/* Begin XCBuildConfiguration section */
		EBB4A9A9225C271C00C2BCE8 /* Debug */ = {
			isa = XCBuildConfiguration;
			buildSettings = {
				ALWAYS_SEARCH_USER_PATHS = NO;
				CLANG_ANALYZER_NONNULL = YES;
				CLANG_ANALYZER_NUMBER_OBJECT_CONVERSION = YES_AGGRESSIVE;
				CLANG_CXX_LANGUAGE_STANDARD = "gnu++14";
				CLANG_CXX_LIBRARY = "libc++";
				CLANG_ENABLE_MODULES = YES;
				CLANG_ENABLE_OBJC_ARC = YES;
				CLANG_ENABLE_OBJC_WEAK = YES;
				CLANG_WARN_BLOCK_CAPTURE_AUTORELEASING = YES;
				CLANG_WARN_BOOL_CONVERSION = YES;
				CLANG_WARN_COMMA = YES;
				CLANG_WARN_CONSTANT_CONVERSION = YES;
				CLANG_WARN_DEPRECATED_OBJC_IMPLEMENTATIONS = YES;
				CLANG_WARN_DIRECT_OBJC_ISA_USAGE = YES_ERROR;
				CLANG_WARN_DOCUMENTATION_COMMENTS = YES;
				CLANG_WARN_EMPTY_BODY = YES;
				CLANG_WARN_ENUM_CONVERSION = YES;
				CLANG_WARN_INFINITE_RECURSION = YES;
				CLANG_WARN_INT_CONVERSION = YES;
				CLANG_WARN_NON_LITERAL_NULL_CONVERSION = YES;
				CLANG_WARN_OBJC_IMPLICIT_RETAIN_SELF = YES;
				CLANG_WARN_OBJC_LITERAL_CONVERSION = YES;
				CLANG_WARN_OBJC_ROOT_CLASS = YES_ERROR;
				CLANG_WARN_RANGE_LOOP_ANALYSIS = YES;
				CLANG_WARN_STRICT_PROTOTYPES = YES;
				CLANG_WARN_SUSPICIOUS_MOVE = YES;
				CLANG_WARN_UNGUARDED_AVAILABILITY = YES_AGGRESSIVE;
				CLANG_WARN_UNREACHABLE_CODE = YES;
				CLANG_WARN__DUPLICATE_METHOD_MATCH = YES;
				CODE_SIGN_IDENTITY = "iPhone Developer";
				COPY_PHASE_STRIP = NO;
				DEBUG_INFORMATION_FORMAT = dwarf;
				ENABLE_STRICT_OBJC_MSGSEND = YES;
				ENABLE_TESTABILITY = YES;
				GCC_C_LANGUAGE_STANDARD = gnu11;
				GCC_DYNAMIC_NO_PIC = NO;
				GCC_NO_COMMON_BLOCKS = YES;
				GCC_OPTIMIZATION_LEVEL = 0;
				GCC_PREPROCESSOR_DEFINITIONS = (
					"DEBUG=1",
					"$(inherited)",
				);
				GCC_WARN_64_TO_32_BIT_CONVERSION = YES;
				GCC_WARN_ABOUT_RETURN_TYPE = YES_ERROR;
				GCC_WARN_UNDECLARED_SELECTOR = YES;
				GCC_WARN_UNINITIALIZED_AUTOS = YES_AGGRESSIVE;
				GCC_WARN_UNUSED_FUNCTION = YES;
				GCC_WARN_UNUSED_VARIABLE = YES;
				IPHONEOS_DEPLOYMENT_TARGET = 12.2;
				MTL_ENABLE_DEBUG_INFO = INCLUDE_SOURCE;
				MTL_FAST_MATH = YES;
				ONLY_ACTIVE_ARCH = YES;
				SDKROOT = iphoneos;
				SWIFT_ACTIVE_COMPILATION_CONDITIONS = DEBUG;
				SWIFT_OPTIMIZATION_LEVEL = "-Onone";
			};
			name = Debug;
		};
		EBB4A9AA225C271C00C2BCE8 /* Release */ = {
			isa = XCBuildConfiguration;
			buildSettings = {
				ALWAYS_SEARCH_USER_PATHS = NO;
				CLANG_ANALYZER_NONNULL = YES;
				CLANG_ANALYZER_NUMBER_OBJECT_CONVERSION = YES_AGGRESSIVE;
				CLANG_CXX_LANGUAGE_STANDARD = "gnu++14";
				CLANG_CXX_LIBRARY = "libc++";
				CLANG_ENABLE_MODULES = YES;
				CLANG_ENABLE_OBJC_ARC = YES;
				CLANG_ENABLE_OBJC_WEAK = YES;
				CLANG_WARN_BLOCK_CAPTURE_AUTORELEASING = YES;
				CLANG_WARN_BOOL_CONVERSION = YES;
				CLANG_WARN_COMMA = YES;
				CLANG_WARN_CONSTANT_CONVERSION = YES;
				CLANG_WARN_DEPRECATED_OBJC_IMPLEMENTATIONS = YES;
				CLANG_WARN_DIRECT_OBJC_ISA_USAGE = YES_ERROR;
				CLANG_WARN_DOCUMENTATION_COMMENTS = YES;
				CLANG_WARN_EMPTY_BODY = YES;
				CLANG_WARN_ENUM_CONVERSION = YES;
				CLANG_WARN_INFINITE_RECURSION = YES;
				CLANG_WARN_INT_CONVERSION = YES;
				CLANG_WARN_NON_LITERAL_NULL_CONVERSION = YES;
				CLANG_WARN_OBJC_IMPLICIT_RETAIN_SELF = YES;
				CLANG_WARN_OBJC_LITERAL_CONVERSION = YES;
				CLANG_WARN_OBJC_ROOT_CLASS = YES_ERROR;
				CLANG_WARN_RANGE_LOOP_ANALYSIS = YES;
				CLANG_WARN_STRICT_PROTOTYPES = YES;
				CLANG_WARN_SUSPICIOUS_MOVE = YES;
				CLANG_WARN_UNGUARDED_AVAILABILITY = YES_AGGRESSIVE;
				CLANG_WARN_UNREACHABLE_CODE = YES;
				CLANG_WARN__DUPLICATE_METHOD_MATCH = YES;
				CODE_SIGN_IDENTITY = "iPhone Developer";
				COPY_PHASE_STRIP = NO;
				DEBUG_INFORMATION_FORMAT = "dwarf-with-dsym";
				ENABLE_NS_ASSERTIONS = NO;
				ENABLE_STRICT_OBJC_MSGSEND = YES;
				GCC_C_LANGUAGE_STANDARD = gnu11;
				GCC_NO_COMMON_BLOCKS = YES;
				GCC_WARN_64_TO_32_BIT_CONVERSION = YES;
				GCC_WARN_ABOUT_RETURN_TYPE = YES_ERROR;
				GCC_WARN_UNDECLARED_SELECTOR = YES;
				GCC_WARN_UNINITIALIZED_AUTOS = YES_AGGRESSIVE;
				GCC_WARN_UNUSED_FUNCTION = YES;
				GCC_WARN_UNUSED_VARIABLE = YES;
				IPHONEOS_DEPLOYMENT_TARGET = 12.2;
				MTL_ENABLE_DEBUG_INFO = NO;
				MTL_FAST_MATH = YES;
				SDKROOT = iphoneos;
				SWIFT_COMPILATION_MODE = wholemodule;
				SWIFT_OPTIMIZATION_LEVEL = "-O";
				VALIDATE_PRODUCT = YES;
			};
			name = Release;
		};
		EBB4A9AC225C271C00C2BCE8 /* Debug */ = {
			isa = XCBuildConfiguration;
			buildSettings = {
				ASSETCATALOG_COMPILER_APPICON_NAME = AppIcon;
				CODE_SIGN_STYLE = Automatic;
				DEVELOPMENT_TEAM = J4JSPRX2MF;
				INFOPLIST_FILE = viagens/Info.plist;
				LD_RUNPATH_SEARCH_PATHS = (
					"$(inherited)",
					"@executable_path/Frameworks",
				);
				PRODUCT_BUNDLE_IDENTIFIER = br.com.viagens;
				PRODUCT_NAME = "$(TARGET_NAME)";
				SWIFT_VERSION = 5.0;
				TARGETED_DEVICE_FAMILY = "1,2";
			};
			name = Debug;
		};
		EBB4A9AD225C271C00C2BCE8 /* Release */ = {
			isa = XCBuildConfiguration;
			buildSettings = {
				ASSETCATALOG_COMPILER_APPICON_NAME = AppIcon;
				CODE_SIGN_STYLE = Automatic;
				DEVELOPMENT_TEAM = J4JSPRX2MF;
				INFOPLIST_FILE = viagens/Info.plist;
				LD_RUNPATH_SEARCH_PATHS = (
					"$(inherited)",
					"@executable_path/Frameworks",
				);
				PRODUCT_BUNDLE_IDENTIFIER = br.com.viagens;
				PRODUCT_NAME = "$(TARGET_NAME)";
				SWIFT_VERSION = 5.0;
				TARGETED_DEVICE_FAMILY = "1,2";
			};
			name = Release;
		};
		EBB4A9AF225C271C00C2BCE8 /* Debug */ = {
			isa = XCBuildConfiguration;
			buildSettings = {
				ALWAYS_EMBED_SWIFT_STANDARD_LIBRARIES = YES;
				BUNDLE_LOADER = "$(TEST_HOST)";
				CODE_SIGN_STYLE = Automatic;
				DEVELOPMENT_TEAM = J4JSPRX2MF;
				INFOPLIST_FILE = viagensTests/Info.plist;
				LD_RUNPATH_SEARCH_PATHS = (
					"$(inherited)",
					"@executable_path/Frameworks",
					"@loader_path/Frameworks",
				);
				PRODUCT_BUNDLE_IDENTIFIER = br.com.viagensTests;
				PRODUCT_NAME = "$(TARGET_NAME)";
				SWIFT_VERSION = 5.0;
				TARGETED_DEVICE_FAMILY = "1,2";
				TEST_HOST = "$(BUILT_PRODUCTS_DIR)/viagens.app/viagens";
			};
			name = Debug;
		};
		EBB4A9B0225C271C00C2BCE8 /* Release */ = {
			isa = XCBuildConfiguration;
			buildSettings = {
				ALWAYS_EMBED_SWIFT_STANDARD_LIBRARIES = YES;
				BUNDLE_LOADER = "$(TEST_HOST)";
				CODE_SIGN_STYLE = Automatic;
				DEVELOPMENT_TEAM = J4JSPRX2MF;
				INFOPLIST_FILE = viagensTests/Info.plist;
				LD_RUNPATH_SEARCH_PATHS = (
					"$(inherited)",
					"@executable_path/Frameworks",
					"@loader_path/Frameworks",
				);
				PRODUCT_BUNDLE_IDENTIFIER = br.com.viagensTests;
				PRODUCT_NAME = "$(TARGET_NAME)";
				SWIFT_VERSION = 5.0;
				TARGETED_DEVICE_FAMILY = "1,2";
				TEST_HOST = "$(BUILT_PRODUCTS_DIR)/viagens.app/viagens";
			};
			name = Release;
		};
		EBB4A9B2225C271C00C2BCE8 /* Debug */ = {
			isa = XCBuildConfiguration;
			buildSettings = {
				ALWAYS_EMBED_SWIFT_STANDARD_LIBRARIES = YES;
				CODE_SIGN_STYLE = Automatic;
				DEVELOPMENT_TEAM = J4JSPRX2MF;
				INFOPLIST_FILE = viagensUITests/Info.plist;
				LD_RUNPATH_SEARCH_PATHS = (
					"$(inherited)",
					"@executable_path/Frameworks",
					"@loader_path/Frameworks",
				);
				PRODUCT_BUNDLE_IDENTIFIER = br.com.viagensUITests;
				PRODUCT_NAME = "$(TARGET_NAME)";
				SWIFT_VERSION = 5.0;
				TARGETED_DEVICE_FAMILY = "1,2";
				TEST_TARGET_NAME = viagens;
			};
			name = Debug;
		};
		EBB4A9B3225C271C00C2BCE8 /* Release */ = {
			isa = XCBuildConfiguration;
			buildSettings = {
				ALWAYS_EMBED_SWIFT_STANDARD_LIBRARIES = YES;
				CODE_SIGN_STYLE = Automatic;
				DEVELOPMENT_TEAM = J4JSPRX2MF;
				INFOPLIST_FILE = viagensUITests/Info.plist;
				LD_RUNPATH_SEARCH_PATHS = (
					"$(inherited)",
					"@executable_path/Frameworks",
					"@loader_path/Frameworks",
				);
				PRODUCT_BUNDLE_IDENTIFIER = br.com.viagensUITests;
				PRODUCT_NAME = "$(TARGET_NAME)";
				SWIFT_VERSION = 5.0;
				TARGETED_DEVICE_FAMILY = "1,2";
				TEST_TARGET_NAME = viagens;
			};
			name = Release;
		};
/* End XCBuildConfiguration section */

/* Begin XCConfigurationList section */
		EBB4A97E225C271B00C2BCE8 /* Build configuration list for PBXProject "viagens" */ = {
			isa = XCConfigurationList;
			buildConfigurations = (
				EBB4A9A9225C271C00C2BCE8 /* Debug */,
				EBB4A9AA225C271C00C2BCE8 /* Release */,
			);
			defaultConfigurationIsVisible = 0;
			defaultConfigurationName = Release;
		};
		EBB4A9AB225C271C00C2BCE8 /* Build configuration list for PBXNativeTarget "viagens" */ = {
			isa = XCConfigurationList;
			buildConfigurations = (
				EBB4A9AC225C271C00C2BCE8 /* Debug */,
				EBB4A9AD225C271C00C2BCE8 /* Release */,
			);
			defaultConfigurationIsVisible = 0;
			defaultConfigurationName = Release;
		};
		EBB4A9AE225C271C00C2BCE8 /* Build configuration list for PBXNativeTarget "viagensTests" */ = {
			isa = XCConfigurationList;
			buildConfigurations = (
				EBB4A9AF225C271C00C2BCE8 /* Debug */,
				EBB4A9B0225C271C00C2BCE8 /* Release */,
			);
			defaultConfigurationIsVisible = 0;
			defaultConfigurationName = Release;
		};
		EBB4A9B1225C271C00C2BCE8 /* Build configuration list for PBXNativeTarget "viagensUITests" */ = {
			isa = XCConfigurationList;
			buildConfigurations = (
				EBB4A9B2225C271C00C2BCE8 /* Debug */,
				EBB4A9B3225C271C00C2BCE8 /* Release */,
			);
			defaultConfigurationIsVisible = 0;
			defaultConfigurationName = Release;
		};
/* End XCConfigurationList section */
	};
	rootObject = EBB4A97B225C271B00C2BCE8 /* Project object */;
}
